<?xml version="1.0" encoding="utf-8"?>
<Project ToolsVersion="4.0" xmlns="http://schemas.microsoft.com/developer/msbuild/2003">
  <ItemGroup>
    <Filter Include="ImGuiBackends">
      <UniqueIdentifier>{9BDECA85-079F-46BC-D0D9-8F393C598B98}</UniqueIdentifier>
    </Filter>
    <Filter Include="Input">
      <UniqueIdentifier>{953A660D-014F-8EBE-CAD0-311E36A48AEF}</UniqueIdentifier>
    </Filter>
  </ItemGroup>
  <ItemGroup>
    <ClInclude Include="src\AABB.h" />
    <ClInclude Include="src\Application.h" />
    <ClInclude Include="src\BVH_Node.h" />
    <ClInclude Include="src\Buffer.h" />
    <ClInclude Include="src\Camera.h" />
    <ClInclude Include="src\Device.h" />
    <ClInclude Include="src\EntryPoint.h" />
    <ClInclude Include="src\Hittable.h" />
    <ClInclude Include="src\HittableList.h" />
    <ClInclude Include="src\Image.h" />
    <ClInclude Include="src\Input\Input.h">
      <Filter>Input</Filter>
    </ClInclude>
    <ClInclude Include="src\Input\KeyCodes.h">
      <Filter>Input</Filter>
    </ClInclude>
    <ClInclude Include="src\Interval.h" />
    <ClInclude Include="src\Layer.h" />
    <ClInclude Include="src\Mat4.h" />
    <ClInclude Include="src\Material.h" />
    <ClInclude Include="src\PathTracer.h" />
    <ClInclude Include="src\Pipeline.h" />
    <ClInclude Include="src\Quat.h" />
    <ClInclude Include="src\RTPipeline.h" />
    <ClInclude Include="src\Random.h" />
    <ClInclude Include="src\Ray.h" />
    <ClInclude Include="src\Renderer.h" />
    <ClInclude Include="src\Renderer2.h" />
    <ClInclude Include="src\Scene.h" />
    <ClInclude Include="src\Sphere.h" />
    <ClInclude Include="src\Swapchain.h" />
    <ClInclude Include="src\Timer.h" />
    <ClInclude Include="src\Utils.h" />
    <ClInclude Include="src\Vector2.h" />
    <ClInclude Include="src\Vector3.h" />
    <ClInclude Include="src\Vector4.h" />
    <ClInclude Include="src\Vertex.h" />
    <ClInclude Include="src\Viewport.h" />
    <ClInclude Include="src\VulkanUtils.h" />
    <ClInclude Include="src\Triangle.h" />
    <ClInclude Include="src\Mesh.h" />
    <ClInclude Include="src\Node.h" />
  </ItemGroup>
  <ItemGroup>
    <ClCompile Include="src\AABB.cpp" />
    <ClCompile Include="src\Application.cpp" />
    <ClCompile Include="src\Buffer.cpp" />
    <ClCompile Include="src\Camera.cpp" />
    <ClCompile Include="src\Device.cpp" />
    <ClCompile Include="src\HittableList.cpp" />
    <ClCompile Include="src\ImGuiBackends\ImGuiBuild.cpp">
      <Filter>ImGuiBackends</Filter>
    </ClCompile>
    <ClCompile Include="src\Image.cpp" />
    <ClCompile Include="src\Input\Input.cpp">
      <Filter>Input</Filter>
    </ClCompile>
    <ClCompile Include="src\LightBoxApp.cpp" />
    <ClCompile Include="src\Mat4.cpp" />
    <ClCompile Include="src\PathTracer.cpp" />
    <ClCompile Include="src\Pipeline.cpp" />
    <ClCompile Include="src\Quat.cpp" />
    <ClCompile Include="src\RTPipeline.cpp" />
    <ClCompile Include="src\Random.cpp" />
    <ClCompile Include="src\Ray.cpp" />
    <ClCompile Include="src\Renderer.cpp" />
    <ClCompile Include="src\Renderer2.cpp" />
    <ClCompile Include="src\Scene.cpp" />
    <ClCompile Include="src\Sphere.cpp" />
    <ClCompile Include="src\Swapchain.cpp" />
    <ClCompile Include="src\Utils.cpp" />
    <ClCompile Include="src\Vector2.cpp" />
    <ClCompile Include="src\Vector3.cpp" />
    <ClCompile Include="src\Vector4.cpp" />
    <ClCompile Include="src\Vertex.cpp" />
    <ClCompile Include="src\Viewport.cpp" />
    <ClCompile Include="src\VulkanUtils.cpp" />
    <ClCompile Include="src\Triangle.cpp" />
    <ClCompile Include="src\Mesh.cpp" />
    <ClCompile Include="src\Node.cpp" />
  </ItemGroup>
</Project>