<?xml version="1.0" encoding="utf-8"?>
<Project ToolsVersion="4.0" xmlns="http://schemas.microsoft.com/developer/msbuild/2003">
  <ItemGroup>
    <Filter Include="ImGuiBackends">
      <UniqueIdentifier>{9BDECA85-079F-46BC-D0D9-8F393C598B98}</UniqueIdentifier>
    </Filter>
    <Filter Include="Input">
      <UniqueIdentifier>{953A660D-014F-8EBE-CAD0-311E36A48AEF}</UniqueIdentifier>
    </Filter>
    <Filter Include="Math">
      <UniqueIdentifier>{AFF4887C-9B2B-8A0D-4418-7010302E060F}</UniqueIdentifier>
    </Filter>
    <Filter Include="Vulkan">
      <UniqueIdentifier>{D6EAFCD8-C28C-27AF-AB47-3B039788AEFF}</UniqueIdentifier>
    </Filter>
    <Filter Include="Vulkan\VulkanRT">
      <UniqueIdentifier>{FCF301B1-687F-6F75-7190-F269DD9ACB75}</UniqueIdentifier>
    </Filter>
  </ItemGroup>
  <ItemGroup>
    <ClInclude Include="src\AABB.h" />
    <ClInclude Include="src\Application.h" />
    <ClInclude Include="src\BVH_Node.h" />
    <ClInclude Include="src\Camera.h" />
    <ClInclude Include="src\ChCamera.h" />
    <ClInclude Include="src\CpuPathTracer.h" />
    <ClInclude Include="src\EntryPoint.h" />
    <ClInclude Include="src\Hittable.h" />
    <ClInclude Include="src\HittableList.h" />
    <ClInclude Include="src\HostImage.h" />
    <ClInclude Include="src\Input\Input.h">
      <Filter>Input</Filter>
    </ClInclude>
    <ClInclude Include="src\Input\KeyCodes.h">
      <Filter>Input</Filter>
    </ClInclude>
    <ClInclude Include="src\Interval.h" />
    <ClInclude Include="src\Layer.h" />
    <ClInclude Include="src\Material.h" />
    <ClInclude Include="src\Math\Mat4.h">
      <Filter>Math</Filter>
    </ClInclude>
    <ClInclude Include="src\Math\Quat.h">
      <Filter>Math</Filter>
    </ClInclude>
    <ClInclude Include="src\Math\Random.h">
      <Filter>Math</Filter>
    </ClInclude>
    <ClInclude Include="src\Math\Vector2.h">
      <Filter>Math</Filter>
    </ClInclude>
    <ClInclude Include="src\Math\Vector3.h">
      <Filter>Math</Filter>
    </ClInclude>
    <ClInclude Include="src\Math\Vector4.h">
      <Filter>Math</Filter>
    </ClInclude>
    <ClInclude Include="src\Mesh.h" />
    <ClInclude Include="src\Node.h" />
    <ClInclude Include="src\Ray.h" />
    <ClInclude Include="src\Scene.h" />
    <ClInclude Include="src\SceneHierarchyPanel.h" />
    <ClInclude Include="src\SceneSerializer.h" />
    <ClInclude Include="src\Sphere.h" />
    <ClInclude Include="src\Texture.h" />
    <ClInclude Include="src\Timer.h" />
    <ClInclude Include="src\Triangle.h" />
    <ClInclude Include="src\Utils.h" />
    <ClInclude Include="src\Vertex.h" />
    <ClInclude Include="src\Viewport.h" />
    <ClInclude Include="src\Vulkan\Buffer.h">
      <Filter>Vulkan</Filter>
    </ClInclude>
    <ClInclude Include="src\Vulkan\Device.h">
      <Filter>Vulkan</Filter>
    </ClInclude>
    <ClInclude Include="src\Vulkan\GpuRenderer.h">
      <Filter>Vulkan</Filter>
    </ClInclude>
    <ClInclude Include="src\Vulkan\Image.h">
      <Filter>Vulkan</Filter>
    </ClInclude>
    <ClInclude Include="src\Vulkan\Pipeline.h">
      <Filter>Vulkan</Filter>
    </ClInclude>
    <ClInclude Include="src\Vulkan\Swapchain.h">
      <Filter>Vulkan</Filter>
    </ClInclude>
    <ClInclude Include="src\Vulkan\VulkanRT\GpuPathTracer.h">
      <Filter>Vulkan\VulkanRT</Filter>
    </ClInclude>
    <ClInclude Include="src\Vulkan\VulkanRT\RTPipeline.h">
      <Filter>Vulkan\VulkanRT</Filter>
    </ClInclude>
    <ClInclude Include="src\Vulkan\VulkanRT\VulkanRTScene.h">
      <Filter>Vulkan\VulkanRT</Filter>
    </ClInclude>
    <ClInclude Include="src\Vulkan\VulkanScene.h">
      <Filter>Vulkan</Filter>
    </ClInclude>
    <ClInclude Include="src\Vulkan\VulkanUtils.h">
      <Filter>Vulkan</Filter>
    </ClInclude>
  </ItemGroup>
  <ItemGroup>
    <ClCompile Include="src\AABB.cpp" />
    <ClCompile Include="src\Application.cpp" />
    <ClCompile Include="src\Camera.cpp" />
    <ClCompile Include="src\ChCamera.cpp" />
    <ClCompile Include="src\CpuPathTracer.cpp" />
    <ClCompile Include="src\HittableList.cpp" />
    <ClCompile Include="src\HostImage.cpp" />
    <ClCompile Include="src\ImGuiBackends\ImGuiBuild.cpp">
      <Filter>ImGuiBackends</Filter>
    </ClCompile>
    <ClCompile Include="src\Input\Input.cpp">
      <Filter>Input</Filter>
    </ClCompile>
    <ClCompile Include="src\LightBoxApp.cpp" />
    <ClCompile Include="src\Math\Mat4.cpp">
      <Filter>Math</Filter>
    </ClCompile>
    <ClCompile Include="src\Math\Quat.cpp">
      <Filter>Math</Filter>
    </ClCompile>
    <ClCompile Include="src\Math\Random.cpp">
      <Filter>Math</Filter>
    </ClCompile>
    <ClCompile Include="src\Math\Vector2.cpp">
      <Filter>Math</Filter>
    </ClCompile>
    <ClCompile Include="src\Math\Vector3.cpp">
      <Filter>Math</Filter>
    </ClCompile>
    <ClCompile Include="src\Math\Vector4.cpp">
      <Filter>Math</Filter>
    </ClCompile>
    <ClCompile Include="src\Mesh.cpp" />
    <ClCompile Include="src\Node.cpp" />
    <ClCompile Include="src\Ray.cpp" />
    <ClCompile Include="src\Scene.cpp" />
    <ClCompile Include="src\SceneHierarchyPanel.cpp" />
    <ClCompile Include="src\SceneSerializer.cpp" />
    <ClCompile Include="src\Sphere.cpp" />
    <ClCompile Include="src\Triangle.cpp" />
    <ClCompile Include="src\Utils.cpp" />
    <ClCompile Include="src\Vertex.cpp" />
    <ClCompile Include="src\Viewport.cpp" />
    <ClCompile Include="src\Vulkan\Buffer.cpp">
      <Filter>Vulkan</Filter>
    </ClCompile>
    <ClCompile Include="src\Vulkan\Device.cpp">
      <Filter>Vulkan</Filter>
    </ClCompile>
    <ClCompile Include="src\Vulkan\GpuRenderer.cpp">
      <Filter>Vulkan</Filter>
    </ClCompile>
    <ClCompile Include="src\Vulkan\Image.cpp">
      <Filter>Vulkan</Filter>
    </ClCompile>
    <ClCompile Include="src\Vulkan\Pipeline.cpp">
      <Filter>Vulkan</Filter>
    </ClCompile>
    <ClCompile Include="src\Vulkan\Swapchain.cpp">
      <Filter>Vulkan</Filter>
    </ClCompile>
    <ClCompile Include="src\Vulkan\VulkanRT\GpuPathTracer.cpp">
      <Filter>Vulkan\VulkanRT</Filter>
    </ClCompile>
    <ClCompile Include="src\Vulkan\VulkanRT\RTPipeline.cpp">
      <Filter>Vulkan\VulkanRT</Filter>
    </ClCompile>
    <ClCompile Include="src\Vulkan\VulkanRT\VulkanRTScene.cpp">
      <Filter>Vulkan\VulkanRT</Filter>
    </ClCompile>
    <ClCompile Include="src\Vulkan\VulkanScene.cpp">
      <Filter>Vulkan</Filter>
    </ClCompile>
    <ClCompile Include="src\Vulkan\VulkanUtils.cpp">
      <Filter>Vulkan</Filter>
    </ClCompile>
  </ItemGroup>
</Project>